// !$*UTF8*$!
{
	archiveVersion = 1;
	classes = {
	};
	objectVersion = 51;
	objects = {

/* Begin PBXBuildFile section */
		0403AA0A25C8F5530001BA5D /* libZJStatic.a in Frameworks */ = {isa = PBXBuildFile; fileRef = 0403AA0925C8F5530001BA5D /* libZJStatic.a */; };
		040DF554256C04AA0091CD91 /* ZJMediator.m in Sources */ = {isa = PBXBuildFile; fileRef = 040DF553256C04AA0091CD91 /* ZJMediator.m */; };
		04B146C625092B5000232FC3 /* ZJVideoPlayer.m in Sources */ = {isa = PBXBuildFile; fileRef = 04B146C525092B5000232FC3 /* ZJVideoPlayer.m */; };
		04E58B3225656BA90077DFC1 /* Launch Screen.storyboard in Resources */ = {isa = PBXBuildFile; fileRef = 04E58B3125656BA90077DFC1 /* Launch Screen.storyboard */; };
		04E58B3525656DDD0077DFC1 /* ZJSplashView.m in Sources */ = {isa = PBXBuildFile; fileRef = 04E58B3425656DDD0077DFC1 /* ZJSplashView.m */; };
		3EEAB564373B526220DE1D97 /* Pods_ZJDemoProduct_OC.framework in Frameworks */ = {isa = PBXBuildFile; fileRef = 029D7F9740623FF8EA0DD4EE /* Pods_ZJDemoProduct_OC.framework */; };
		C54948DA2521816100062195 /* ZJVideoTooBarView.m in Sources */ = {isa = PBXBuildFile; fileRef = C54948D92521816100062195 /* ZJVideoTooBarView.m */; };
		C54948DD2521847B00062195 /* ZJVideoToolBarModel.m in Sources */ = {isa = PBXBuildFile; fileRef = C54948DC2521847B00062195 /* ZJVideoToolBarModel.m */; };
		C551C23924BEEF7F00BD5C49 /* ZJNewsDetailViewController.m in Sources */ = {isa = PBXBuildFile; fileRef = C551C23824BEEF7F00BD5C49 /* ZJNewsDetailViewController.m */; };
		C5528AA124E392DF00E2521B /* ZJVideoCoverCell.m in Sources */ = {isa = PBXBuildFile; fileRef = C5528AA024E392DF00E2521B /* ZJVideoCoverCell.m */; };
		C55E3CA224C6C38300ADB2B7 /* ZJNewsListModel.m in Sources */ = {isa = PBXBuildFile; fileRef = C55E3CA124C6C38300ADB2B7 /* ZJNewsListModel.m */; };
		C56F8BE824C573DF004B50B1 /* ZJNewsDeleteView.m in Sources */ = {isa = PBXBuildFile; fileRef = C56F8BE724C573DF004B50B1 /* ZJNewsDeleteView.m */; };
		C57FFEBC25233C2E00C2C3D3 /* ZJVideoUIDefines.m in Sources */ = {isa = PBXBuildFile; fileRef = C57FFEBB25233C2E00C2C3D3 /* ZJVideoUIDefines.m */; };
		C57FFEC3252459F800C2C3D3 /* ZJScreenDefines.m in Sources */ = {isa = PBXBuildFile; fileRef = C57FFEC2252459F800C2C3D3 /* ZJScreenDefines.m */; };
		C5AFAD3325C26540005732DC /* ZJFunctionDefines.m in Sources */ = {isa = PBXBuildFile; fileRef = C5AFAD3225C26540005732DC /* ZJFunctionDefines.m */; };
		C5AFAD9025CBDA5E005732DC /* ZJUserInfo.m in Sources */ = {isa = PBXBuildFile; fileRef = C5AFAD8F25CBDA5E005732DC /* ZJUserInfo.m */; };
		C5AFAD9F25CBEEF4005732DC /* TencentOpenApi_IOS_Bundle.bundle in Resources */ = {isa = PBXBuildFile; fileRef = C5AFAD9D25CBEEF4005732DC /* TencentOpenApi_IOS_Bundle.bundle */; };
		C5AFADA025CBEF06005732DC /* ZJFramework.framework in Frameworks */ = {isa = PBXBuildFile; fileRef = C5AFAD8825C95AB0005732DC /* ZJFramework.framework */; };
		C5AFADA125CBEF06005732DC /* ZJFramework.framework in Embed Frameworks */ = {isa = PBXBuildFile; fileRef = C5AFAD8825C95AB0005732DC /* ZJFramework.framework */; settings = {ATTRIBUTES = (CodeSignOnCopy, RemoveHeadersOnCopy, ); }; };
		C5AFADA225CBEF09005732DC /* TencentOpenAPI.framework in Frameworks */ = {isa = PBXBuildFile; fileRef = C5AFAD9C25CBEEF4005732DC /* TencentOpenAPI.framework */; };
		C5AFADA525CBEF5A005732DC /* SystemConfiguration.framework in Frameworks */ = {isa = PBXBuildFile; fileRef = C5AFADA425CBEF5A005732DC /* SystemConfiguration.framework */; };
		C5AFADAA25CBF1F4005732DC /* ZJLoginManager.m in Sources */ = {isa = PBXBuildFile; fileRef = C5AFADA925CBF1F4005732DC /* ZJLoginManager.m */; };
		C5B45E5824BEABFB0091B7ED /* AppDelegate.m in Sources */ = {isa = PBXBuildFile; fileRef = C5B45E5724BEABFB0091B7ED /* AppDelegate.m */; };
		C5B45E6324BEABFC0091B7ED /* Assets.xcassets in Resources */ = {isa = PBXBuildFile; fileRef = C5B45E6224BEABFC0091B7ED /* Assets.xcassets */; };
		C5B45E6924BEABFC0091B7ED /* main.m in Sources */ = {isa = PBXBuildFile; fileRef = C5B45E6824BEABFC0091B7ED /* main.m */; };
		C5B45E7824BEADA00091B7ED /* ZJNewsListViewController.m in Sources */ = {isa = PBXBuildFile; fileRef = C5B45E7724BEADA00091B7ED /* ZJNewsListViewController.m */; };
		C5B45E8424BEADFD0091B7ED /* ZJVideosViewController.m in Sources */ = {isa = PBXBuildFile; fileRef = C5B45E8324BEADFD0091B7ED /* ZJVideosViewController.m */; };
		C5B45E8724BEAE2C0091B7ED /* ZJRecommendViewController.m in Sources */ = {isa = PBXBuildFile; fileRef = C5B45E8624BEAE2C0091B7ED /* ZJRecommendViewController.m */; };
		C5B45E8A24BEAE9B0091B7ED /* ZJUserViewController.m in Sources */ = {isa = PBXBuildFile; fileRef = C5B45E8924BEAE9B0091B7ED /* ZJUserViewController.m */; };
		C5B45E8D24BED7DB0091B7ED /* ZJNewsListLoader.m in Sources */ = {isa = PBXBuildFile; fileRef = C5B45E8C24BED7DB0091B7ED /* ZJNewsListLoader.m */; };
		C5B45E9024BED98A0091B7ED /* ZJNewsItemCell.m in Sources */ = {isa = PBXBuildFile; fileRef = C5B45E8F24BED98A0091B7ED /* ZJNewsItemCell.m */; };
/* End PBXBuildFile section */

/* Begin PBXCopyFilesBuildPhase section */
		C5AFAD5C25C9535B005732DC /* Embed Frameworks */ = {
			isa = PBXCopyFilesBuildPhase;
			buildActionMask = 2147483647;
			dstPath = "";
			dstSubfolderSpec = 10;
			files = (
				C5AFADA125CBEF06005732DC /* ZJFramework.framework in Embed Frameworks */,
			);
			name = "Embed Frameworks";
			runOnlyForDeploymentPostprocessing = 0;
		};
/* End PBXCopyFilesBuildPhase section */

/* Begin PBXFileReference section */
		029D7F9740623FF8EA0DD4EE /* Pods_ZJDemoProduct_OC.framework */ = {isa = PBXFileReference; explicitFileType = wrapper.framework; includeInIndex = 0; path = Pods_ZJDemoProduct_OC.framework; sourceTree = BUILT_PRODUCTS_DIR; };
		0403AA0725C8F5530001BA5D /* ZJStaticTest.h */ = {isa = PBXFileReference; fileEncoding = 4; lastKnownFileType = sourcecode.c.h; path = ZJStaticTest.h; sourceTree = "<group>"; };
		0403AA0825C8F5530001BA5D /* ZJStatic.h */ = {isa = PBXFileReference; fileEncoding = 4; lastKnownFileType = sourcecode.c.h; path = ZJStatic.h; sourceTree = "<group>"; };
		0403AA0925C8F5530001BA5D /* libZJStatic.a */ = {isa = PBXFileReference; lastKnownFileType = archive.ar; path = libZJStatic.a; sourceTree = "<group>"; };
		040DF552256C04AA0091CD91 /* ZJMediator.h */ = {isa = PBXFileReference; lastKnownFileType = sourcecode.c.h; path = ZJMediator.h; sourceTree = "<group>"; };
		040DF553256C04AA0091CD91 /* ZJMediator.m */ = {isa = PBXFileReference; lastKnownFileType = sourcecode.c.objc; path = ZJMediator.m; sourceTree = "<group>"; };
		04B146C425092B5000232FC3 /* ZJVideoPlayer.h */ = {isa = PBXFileReference; lastKnownFileType = sourcecode.c.h; path = ZJVideoPlayer.h; sourceTree = "<group>"; };
		04B146C525092B5000232FC3 /* ZJVideoPlayer.m */ = {isa = PBXFileReference; lastKnownFileType = sourcecode.c.objc; path = ZJVideoPlayer.m; sourceTree = "<group>"; };
		04E58B3125656BA90077DFC1 /* Launch Screen.storyboard */ = {isa = PBXFileReference; lastKnownFileType = file.storyboard; path = "Launch Screen.storyboard"; sourceTree = "<group>"; };
		04E58B3325656DDD0077DFC1 /* ZJSplashView.h */ = {isa = PBXFileReference; lastKnownFileType = sourcecode.c.h; path = ZJSplashView.h; sourceTree = "<group>"; };
		04E58B3425656DDD0077DFC1 /* ZJSplashView.m */ = {isa = PBXFileReference; lastKnownFileType = sourcecode.c.objc; path = ZJSplashView.m; sourceTree = "<group>"; };
		8525AE29A138B6294060611C /* Pods-ZJDemoProduct_OC.debug.xcconfig */ = {isa = PBXFileReference; includeInIndex = 1; lastKnownFileType = text.xcconfig; name = "Pods-ZJDemoProduct_OC.debug.xcconfig"; path = "Pods/Target Support Files/Pods-ZJDemoProduct_OC/Pods-ZJDemoProduct_OC.debug.xcconfig"; sourceTree = "<group>"; };
		C54948D82521816100062195 /* ZJVideoTooBarView.h */ = {isa = PBXFileReference; lastKnownFileType = sourcecode.c.h; path = ZJVideoTooBarView.h; sourceTree = "<group>"; };
		C54948D92521816100062195 /* ZJVideoTooBarView.m */ = {isa = PBXFileReference; lastKnownFileType = sourcecode.c.objc; path = ZJVideoTooBarView.m; sourceTree = "<group>"; };
		C54948DB2521847B00062195 /* ZJVideoToolBarModel.h */ = {isa = PBXFileReference; lastKnownFileType = sourcecode.c.h; path = ZJVideoToolBarModel.h; sourceTree = "<group>"; };
		C54948DC2521847B00062195 /* ZJVideoToolBarModel.m */ = {isa = PBXFileReference; lastKnownFileType = sourcecode.c.objc; path = ZJVideoToolBarModel.m; sourceTree = "<group>"; };
		C551C23724BEEF7F00BD5C49 /* ZJNewsDetailViewController.h */ = {isa = PBXFileReference; lastKnownFileType = sourcecode.c.h; path = ZJNewsDetailViewController.h; sourceTree = "<group>"; };
		C551C23824BEEF7F00BD5C49 /* ZJNewsDetailViewController.m */ = {isa = PBXFileReference; lastKnownFileType = sourcecode.c.objc; path = ZJNewsDetailViewController.m; sourceTree = "<group>"; };
		C5528A9F24E392DF00E2521B /* ZJVideoCoverCell.h */ = {isa = PBXFileReference; lastKnownFileType = sourcecode.c.h; path = ZJVideoCoverCell.h; sourceTree = "<group>"; };
		C5528AA024E392DF00E2521B /* ZJVideoCoverCell.m */ = {isa = PBXFileReference; lastKnownFileType = sourcecode.c.objc; path = ZJVideoCoverCell.m; sourceTree = "<group>"; };
		C5528AA224E3B93C00E2521B /* icon.bundle */ = {isa = PBXFileReference; lastKnownFileType = "wrapper.plug-in"; path = icon.bundle; sourceTree = "<group>"; };
		C55E3CA024C6C38300ADB2B7 /* ZJNewsListModel.h */ = {isa = PBXFileReference; lastKnownFileType = sourcecode.c.h; path = ZJNewsListModel.h; sourceTree = "<group>"; };
		C55E3CA124C6C38300ADB2B7 /* ZJNewsListModel.m */ = {isa = PBXFileReference; lastKnownFileType = sourcecode.c.objc; path = ZJNewsListModel.m; sourceTree = "<group>"; };
		C56F8BE624C573DF004B50B1 /* ZJNewsDeleteView.h */ = {isa = PBXFileReference; lastKnownFileType = sourcecode.c.h; path = ZJNewsDeleteView.h; sourceTree = "<group>"; };
		C56F8BE724C573DF004B50B1 /* ZJNewsDeleteView.m */ = {isa = PBXFileReference; lastKnownFileType = sourcecode.c.objc; path = ZJNewsDeleteView.m; sourceTree = "<group>"; };
		C57FFEBA25233C2E00C2C3D3 /* ZJVideoUIDefines.h */ = {isa = PBXFileReference; lastKnownFileType = sourcecode.c.h; path = ZJVideoUIDefines.h; sourceTree = "<group>"; };
		C57FFEBB25233C2E00C2C3D3 /* ZJVideoUIDefines.m */ = {isa = PBXFileReference; lastKnownFileType = sourcecode.c.objc; path = ZJVideoUIDefines.m; sourceTree = "<group>"; };
		C57FFEC1252459F800C2C3D3 /* ZJScreenDefines.h */ = {isa = PBXFileReference; lastKnownFileType = sourcecode.c.h; path = ZJScreenDefines.h; sourceTree = "<group>"; };
		C57FFEC2252459F800C2C3D3 /* ZJScreenDefines.m */ = {isa = PBXFileReference; lastKnownFileType = sourcecode.c.objc; path = ZJScreenDefines.m; sourceTree = "<group>"; };
		C5AFAD3125C26540005732DC /* ZJFunctionDefines.h */ = {isa = PBXFileReference; lastKnownFileType = sourcecode.c.h; path = ZJFunctionDefines.h; sourceTree = "<group>"; };
		C5AFAD3225C26540005732DC /* ZJFunctionDefines.m */ = {isa = PBXFileReference; lastKnownFileType = sourcecode.c.objc; path = ZJFunctionDefines.m; sourceTree = "<group>"; };
		C5AFAD8825C95AB0005732DC /* ZJFramework.framework */ = {isa = PBXFileReference; lastKnownFileType = wrapper.framework; path = ZJFramework.framework; sourceTree = "<group>"; };
		C5AFAD8E25CBDA5E005732DC /* ZJUserInfo.h */ = {isa = PBXFileReference; lastKnownFileType = sourcecode.c.h; path = ZJUserInfo.h; sourceTree = "<group>"; };
		C5AFAD8F25CBDA5E005732DC /* ZJUserInfo.m */ = {isa = PBXFileReference; lastKnownFileType = sourcecode.c.objc; path = ZJUserInfo.m; sourceTree = "<group>"; };
		C5AFAD9C25CBEEF4005732DC /* TencentOpenAPI.framework */ = {isa = PBXFileReference; lastKnownFileType = wrapper.framework; path = TencentOpenAPI.framework; sourceTree = "<group>"; };
		C5AFAD9D25CBEEF4005732DC /* TencentOpenApi_IOS_Bundle.bundle */ = {isa = PBXFileReference; lastKnownFileType = "wrapper.plug-in"; path = TencentOpenApi_IOS_Bundle.bundle; sourceTree = "<group>"; };
		C5AFADA425CBEF5A005732DC /* SystemConfiguration.framework */ = {isa = PBXFileReference; lastKnownFileType = wrapper.framework; name = SystemConfiguration.framework; path = System/Library/Frameworks/SystemConfiguration.framework; sourceTree = SDKROOT; };
		C5AFADA625CBEF7A005732DC /* libiconv.tbd */ = {isa = PBXFileReference; lastKnownFileType = "sourcecode.text-based-dylib-definition"; name = libiconv.tbd; path = usr/lib/libiconv.tbd; sourceTree = SDKROOT; };
		C5AFADA825CBF1F4005732DC /* ZJLoginManager.h */ = {isa = PBXFileReference; fileEncoding = 4; lastKnownFileType = sourcecode.c.h; path = ZJLoginManager.h; sourceTree = "<group>"; };
		C5AFADA925CBF1F4005732DC /* ZJLoginManager.m */ = {isa = PBXFileReference; fileEncoding = 4; lastKnownFileType = sourcecode.c.objc; path = ZJLoginManager.m; sourceTree = "<group>"; };
		C5B45E5324BEABFB0091B7ED /* ZJDemoProduct_OC.app */ = {isa = PBXFileReference; explicitFileType = wrapper.application; includeInIndex = 0; path = ZJDemoProduct_OC.app; sourceTree = BUILT_PRODUCTS_DIR; };
		C5B45E5624BEABFB0091B7ED /* AppDelegate.h */ = {isa = PBXFileReference; lastKnownFileType = sourcecode.c.h; path = AppDelegate.h; sourceTree = "<group>"; };
		C5B45E5724BEABFB0091B7ED /* AppDelegate.m */ = {isa = PBXFileReference; lastKnownFileType = sourcecode.c.objc; path = AppDelegate.m; sourceTree = "<group>"; };
		C5B45E6224BEABFC0091B7ED /* Assets.xcassets */ = {isa = PBXFileReference; lastKnownFileType = folder.assetcatalog; path = Assets.xcassets; sourceTree = "<group>"; };
		C5B45E6724BEABFC0091B7ED /* Info.plist */ = {isa = PBXFileReference; lastKnownFileType = text.plist.xml; path = Info.plist; sourceTree = "<group>"; };
		C5B45E6824BEABFC0091B7ED /* main.m */ = {isa = PBXFileReference; lastKnownFileType = sourcecode.c.objc; path = main.m; sourceTree = "<group>"; };
		C5B45E7624BEADA00091B7ED /* ZJNewsListViewController.h */ = {isa = PBXFileReference; lastKnownFileType = sourcecode.c.h; path = ZJNewsListViewController.h; sourceTree = "<group>"; };
		C5B45E7724BEADA00091B7ED /* ZJNewsListViewController.m */ = {isa = PBXFileReference; lastKnownFileType = sourcecode.c.objc; path = ZJNewsListViewController.m; sourceTree = "<group>"; };
		C5B45E8224BEADFD0091B7ED /* ZJVideosViewController.h */ = {isa = PBXFileReference; lastKnownFileType = sourcecode.c.h; path = ZJVideosViewController.h; sourceTree = "<group>"; };
		C5B45E8324BEADFD0091B7ED /* ZJVideosViewController.m */ = {isa = PBXFileReference; lastKnownFileType = sourcecode.c.objc; path = ZJVideosViewController.m; sourceTree = "<group>"; };
		C5B45E8524BEAE2C0091B7ED /* ZJRecommendViewController.h */ = {isa = PBXFileReference; lastKnownFileType = sourcecode.c.h; path = ZJRecommendViewController.h; sourceTree = "<group>"; };
		C5B45E8624BEAE2C0091B7ED /* ZJRecommendViewController.m */ = {isa = PBXFileReference; lastKnownFileType = sourcecode.c.objc; path = ZJRecommendViewController.m; sourceTree = "<group>"; };
		C5B45E8824BEAE9B0091B7ED /* ZJUserViewController.h */ = {isa = PBXFileReference; lastKnownFileType = sourcecode.c.h; path = ZJUserViewController.h; sourceTree = "<group>"; };
		C5B45E8924BEAE9B0091B7ED /* ZJUserViewController.m */ = {isa = PBXFileReference; lastKnownFileType = sourcecode.c.objc; path = ZJUserViewController.m; sourceTree = "<group>"; };
		C5B45E8B24BED7DB0091B7ED /* ZJNewsListLoader.h */ = {isa = PBXFileReference; lastKnownFileType = sourcecode.c.h; path = ZJNewsListLoader.h; sourceTree = "<group>"; };
		C5B45E8C24BED7DB0091B7ED /* ZJNewsListLoader.m */ = {isa = PBXFileReference; lastKnownFileType = sourcecode.c.objc; path = ZJNewsListLoader.m; sourceTree = "<group>"; };
		C5B45E8E24BED98A0091B7ED /* ZJNewsItemCell.h */ = {isa = PBXFileReference; lastKnownFileType = sourcecode.c.h; path = ZJNewsItemCell.h; sourceTree = "<group>"; };
		C5B45E8F24BED98A0091B7ED /* ZJNewsItemCell.m */ = {isa = PBXFileReference; lastKnownFileType = sourcecode.c.objc; path = ZJNewsItemCell.m; sourceTree = "<group>"; };
		CDC2B18FA402FCE7BDAF3536 /* Pods-ZJDemoProduct_OC.release.xcconfig */ = {isa = PBXFileReference; includeInIndex = 1; lastKnownFileType = text.xcconfig; name = "Pods-ZJDemoProduct_OC.release.xcconfig"; path = "Pods/Target Support Files/Pods-ZJDemoProduct_OC/Pods-ZJDemoProduct_OC.release.xcconfig"; sourceTree = "<group>"; };
/* End PBXFileReference section */

/* Begin PBXFrameworksBuildPhase section */
		C5B45E5024BEABFB0091B7ED /* Frameworks */ = {
			isa = PBXFrameworksBuildPhase;
			buildActionMask = 2147483647;
			files = (
				3EEAB564373B526220DE1D97 /* Pods_ZJDemoProduct_OC.framework in Frameworks */,
				C5AFADA525CBEF5A005732DC /* SystemConfiguration.framework in Frameworks */,
				C5AFADA225CBEF09005732DC /* TencentOpenAPI.framework in Frameworks */,
				0403AA0A25C8F5530001BA5D /* libZJStatic.a in Frameworks */,
				C5AFADA025CBEF06005732DC /* ZJFramework.framework in Frameworks */,
			);
			runOnlyForDeploymentPostprocessing = 0;
		};
/* End PBXFrameworksBuildPhase section */

/* Begin PBXGroup section */
		0403AA0625C8F4F60001BA5D /* ZJFramework */ = {
			isa = PBXGroup;
			children = (
				C5AFAD9D25CBEEF4005732DC /* TencentOpenApi_IOS_Bundle.bundle */,
				C5AFAD9C25CBEEF4005732DC /* TencentOpenAPI.framework */,
				C5AFAD8825C95AB0005732DC /* ZJFramework.framework */,
				0403AA0925C8F5530001BA5D /* libZJStatic.a */,
				0403AA0825C8F5530001BA5D /* ZJStatic.h */,
				0403AA0725C8F5530001BA5D /* ZJStaticTest.h */,
			);
			path = ZJFramework;
			sourceTree = "<group>";
		};
		4C40B4D2E8845D8BFD75D619 /* Pods */ = {
			isa = PBXGroup;
			children = (
				8525AE29A138B6294060611C /* Pods-ZJDemoProduct_OC.debug.xcconfig */,
				CDC2B18FA402FCE7BDAF3536 /* Pods-ZJDemoProduct_OC.release.xcconfig */,
			);
			name = Pods;
			sourceTree = "<group>";
		};
		B67600C9C93B3C6115CE35FB /* Frameworks */ = {
			isa = PBXGroup;
			children = (
				C5AFADA625CBEF7A005732DC /* libiconv.tbd */,
				C5AFADA425CBEF5A005732DC /* SystemConfiguration.framework */,
				029D7F9740623FF8EA0DD4EE /* Pods_ZJDemoProduct_OC.framework */,
			);
			name = Frameworks;
			sourceTree = "<group>";
		};
		C5528AA324E3B95000E2521B /* Resources */ = {
			isa = PBXGroup;
			children = (
				C5B45E6224BEABFC0091B7ED /* Assets.xcassets */,
				C5528AA224E3B93C00E2521B /* icon.bundle */,
			);
			path = Resources;
			sourceTree = "<group>";
		};
		C56F8BE924C594B8004B50B1 /* Loder */ = {
			isa = PBXGroup;
			children = (
				C5B45E8B24BED7DB0091B7ED /* ZJNewsListLoader.h */,
				C5B45E8C24BED7DB0091B7ED /* ZJNewsListLoader.m */,
			);
			path = Loder;
			sourceTree = "<group>";
		};
		C5AFAD9325CBE477005732DC /* ZJLogin */ = {
			isa = PBXGroup;
			children = (
				C5AFADA825CBF1F4005732DC /* ZJLoginManager.h */,
				C5AFADA925CBF1F4005732DC /* ZJLoginManager.m */,
			);
			path = ZJLogin;
			sourceTree = "<group>";
		};
		C5B45E4A24BEABFB0091B7ED = {
			isa = PBXGroup;
			children = (
				C5B45E5524BEABFB0091B7ED /* ZJDemoProduct_OC */,
				C5B45E5424BEABFB0091B7ED /* Products */,
				4C40B4D2E8845D8BFD75D619 /* Pods */,
				B67600C9C93B3C6115CE35FB /* Frameworks */,
			);
			sourceTree = "<group>";
		};
		C5B45E5424BEABFB0091B7ED /* Products */ = {
			isa = PBXGroup;
			children = (
				C5B45E5324BEABFB0091B7ED /* ZJDemoProduct_OC.app */,
			);
			name = Products;
			sourceTree = "<group>";
		};
		C5B45E5524BEABFB0091B7ED /* ZJDemoProduct_OC */ = {
			isa = PBXGroup;
			children = (
				C5AFAD3125C26540005732DC /* ZJFunctionDefines.h */,
				C5AFAD3225C26540005732DC /* ZJFunctionDefines.m */,
				C57FFEC1252459F800C2C3D3 /* ZJScreenDefines.h */,
				C57FFEC2252459F800C2C3D3 /* ZJScreenDefines.m */,
				04E58B3325656DDD0077DFC1 /* ZJSplashView.h */,
				04E58B3425656DDD0077DFC1 /* ZJSplashView.m */,
				040DF552256C04AA0091CD91 /* ZJMediator.h */,
				040DF553256C04AA0091CD91 /* ZJMediator.m */,
				0403AA0625C8F4F60001BA5D /* ZJFramework */,
				C5B45E6F24BEAD080091B7ED /* ZJDemoNews */,
				C5B45E7024BEAD0D0091B7ED /* ZJDemoVideos */,
				C5B45E7124BEAD200091B7ED /* ZJDemoRecommend */,
				C5B45E7224BEAD3E0091B7ED /* ZJDemoUser */,
				C5AFAD9325CBE477005732DC /* ZJLogin */,
				C5528AA324E3B95000E2521B /* Resources */,
				C5B45E6724BEABFC0091B7ED /* Info.plist */,
				04E58B3125656BA90077DFC1 /* Launch Screen.storyboard */,
				C5B45E5624BEABFB0091B7ED /* AppDelegate.h */,
				C5B45E5724BEABFB0091B7ED /* AppDelegate.m */,
				C5B45E6824BEABFC0091B7ED /* main.m */,
			);
			path = ZJDemoProduct_OC;
			sourceTree = "<group>";
		};
		C5B45E6F24BEAD080091B7ED /* ZJDemoNews */ = {
			isa = PBXGroup;
			children = (
				C5B45E7324BEAD670091B7ED /* Model */,
				C5B45E7424BEAD6B0091B7ED /* View */,
				C5B45E7524BEAD6E0091B7ED /* Controller */,
			);
			path = ZJDemoNews;
			sourceTree = "<group>";
		};
		C5B45E7024BEAD0D0091B7ED /* ZJDemoVideos */ = {
			isa = PBXGroup;
			children = (
				C5B45E7924BEADAC0091B7ED /* Model */,
				C5B45E7A24BEADB10091B7ED /* View */,
				C5B45E7B24BEADB40091B7ED /* Controller */,
			);
			path = ZJDemoVideos;
			sourceTree = "<group>";
		};
		C5B45E7124BEAD200091B7ED /* ZJDemoRecommend */ = {
			isa = PBXGroup;
			children = (
				C5B45E7E24BEADD80091B7ED /* Model */,
				C5B45E7D24BEADD30091B7ED /* View */,
				C5B45E7C24BEADC60091B7ED /* Controller */,
			);
			path = ZJDemoRecommend;
			sourceTree = "<group>";
		};
		C5B45E7224BEAD3E0091B7ED /* ZJDemoUser */ = {
			isa = PBXGroup;
			children = (
				C5B45E8024BEADE20091B7ED /* Model */,
				C5B45E8124BEADE60091B7ED /* View */,
				C5B45E7F24BEADDE0091B7ED /* Controller */,
			);
			path = ZJDemoUser;
			sourceTree = "<group>";
		};
		C5B45E7324BEAD670091B7ED /* Model */ = {
			isa = PBXGroup;
			children = (
				C56F8BE924C594B8004B50B1 /* Loder */,
				C55E3CA024C6C38300ADB2B7 /* ZJNewsListModel.h */,
				C55E3CA124C6C38300ADB2B7 /* ZJNewsListModel.m */,
			);
			path = Model;
			sourceTree = "<group>";
		};
		C5B45E7424BEAD6B0091B7ED /* View */ = {
			isa = PBXGroup;
			children = (
				C5B45E8E24BED98A0091B7ED /* ZJNewsItemCell.h */,
				C5B45E8F24BED98A0091B7ED /* ZJNewsItemCell.m */,
				C56F8BE624C573DF004B50B1 /* ZJNewsDeleteView.h */,
				C56F8BE724C573DF004B50B1 /* ZJNewsDeleteView.m */,
			);
			path = View;
			sourceTree = "<group>";
		};
		C5B45E7524BEAD6E0091B7ED /* Controller */ = {
			isa = PBXGroup;
			children = (
				C5B45E7624BEADA00091B7ED /* ZJNewsListViewController.h */,
				C5B45E7724BEADA00091B7ED /* ZJNewsListViewController.m */,
				C551C23724BEEF7F00BD5C49 /* ZJNewsDetailViewController.h */,
				C551C23824BEEF7F00BD5C49 /* ZJNewsDetailViewController.m */,
			);
			path = Controller;
			sourceTree = "<group>";
		};
		C5B45E7924BEADAC0091B7ED /* Model */ = {
			isa = PBXGroup;
			children = (
				C54948DB2521847B00062195 /* ZJVideoToolBarModel.h */,
				C54948DC2521847B00062195 /* ZJVideoToolBarModel.m */,
			);
			path = Model;
			sourceTree = "<group>";
		};
		C5B45E7A24BEADB10091B7ED /* View */ = {
			isa = PBXGroup;
			children = (
				C5528A9F24E392DF00E2521B /* ZJVideoCoverCell.h */,
				C5528AA024E392DF00E2521B /* ZJVideoCoverCell.m */,
				C54948D82521816100062195 /* ZJVideoTooBarView.h */,
				C54948D92521816100062195 /* ZJVideoTooBarView.m */,
				C57FFEBA25233C2E00C2C3D3 /* ZJVideoUIDefines.h */,
				C57FFEBB25233C2E00C2C3D3 /* ZJVideoUIDefines.m */,
			);
			path = View;
			sourceTree = "<group>";
		};
		C5B45E7B24BEADB40091B7ED /* Controller */ = {
			isa = PBXGroup;
			children = (
				C5B45E8224BEADFD0091B7ED /* ZJVideosViewController.h */,
				C5B45E8324BEADFD0091B7ED /* ZJVideosViewController.m */,
				04B146C425092B5000232FC3 /* ZJVideoPlayer.h */,
				04B146C525092B5000232FC3 /* ZJVideoPlayer.m */,
			);
			path = Controller;
			sourceTree = "<group>";
		};
		C5B45E7C24BEADC60091B7ED /* Controller */ = {
			isa = PBXGroup;
			children = (
				C5B45E8524BEAE2C0091B7ED /* ZJRecommendViewController.h */,
				C5B45E8624BEAE2C0091B7ED /* ZJRecommendViewController.m */,
			);
			path = Controller;
			sourceTree = "<group>";
		};
		C5B45E7D24BEADD30091B7ED /* View */ = {
			isa = PBXGroup;
			children = (
			);
			path = View;
			sourceTree = "<group>";
		};
		C5B45E7E24BEADD80091B7ED /* Model */ = {
			isa = PBXGroup;
			children = (
			);
			path = Model;
			sourceTree = "<group>";
		};
		C5B45E7F24BEADDE0091B7ED /* Controller */ = {
			isa = PBXGroup;
			children = (
				C5B45E8824BEAE9B0091B7ED /* ZJUserViewController.h */,
				C5B45E8924BEAE9B0091B7ED /* ZJUserViewController.m */,
			);
			path = Controller;
			sourceTree = "<group>";
		};
		C5B45E8024BEADE20091B7ED /* Model */ = {
			isa = PBXGroup;
			children = (
				C5AFAD8E25CBDA5E005732DC /* ZJUserInfo.h */,
				C5AFAD8F25CBDA5E005732DC /* ZJUserInfo.m */,
			);
			path = Model;
			sourceTree = "<group>";
		};
		C5B45E8124BEADE60091B7ED /* View */ = {
			isa = PBXGroup;
			children = (
			);
			path = View;
			sourceTree = "<group>";
		};
/* End PBXGroup section */

/* Begin PBXNativeTarget section */
		C5B45E5224BEABFB0091B7ED /* ZJDemoProduct_OC */ = {
			isa = PBXNativeTarget;
			buildConfigurationList = C5B45E6C24BEABFC0091B7ED /* Build configuration list for PBXNativeTarget "ZJDemoProduct_OC" */;
			buildPhases = (
				E0E147135EF1E23C68EDB89E /* [CP] Check Pods Manifest.lock */,
				C5B45E4F24BEABFB0091B7ED /* Sources */,
				C5B45E5024BEABFB0091B7ED /* Frameworks */,
				C5B45E5124BEABFB0091B7ED /* Resources */,
				AE0FCEF12C2DC7408D5538F9 /* [CP] Embed Pods Frameworks */,
				C5AFAD5C25C9535B005732DC /* Embed Frameworks */,
			);
			buildRules = (
			);
			dependencies = (
			);
			name = ZJDemoProduct_OC;
			productName = ZJDemoProduct_OC;
			productReference = C5B45E5324BEABFB0091B7ED /* ZJDemoProduct_OC.app */;
			productType = "com.apple.product-type.application";
		};
/* End PBXNativeTarget section */

/* Begin PBXProject section */
		C5B45E4B24BEABFB0091B7ED /* Project object */ = {
			isa = PBXProject;
			attributes = {
				LastUpgradeCheck = 1140;
				ORGANIZATIONNAME = widerness;
				TargetAttributes = {
					C5B45E5224BEABFB0091B7ED = {
						CreatedOnToolsVersion = 11.4;
					};
				};
			};
			buildConfigurationList = C5B45E4E24BEABFB0091B7ED /* Build configuration list for PBXProject "ZJDemoProduct_OC" */;
			compatibilityVersion = "Xcode 9.3";
			developmentRegion = en;
			hasScannedForEncodings = 0;
			knownRegions = (
				en,
				Base,
			);
			mainGroup = C5B45E4A24BEABFB0091B7ED;
			productRefGroup = C5B45E5424BEABFB0091B7ED /* Products */;
			projectDirPath = "";
			projectRoot = "";
			targets = (
				C5B45E5224BEABFB0091B7ED /* ZJDemoProduct_OC */,
			);
		};
/* End PBXProject section */

/* Begin PBXResourcesBuildPhase section */
		C5B45E5124BEABFB0091B7ED /* Resources */ = {
			isa = PBXResourcesBuildPhase;
			buildActionMask = 2147483647;
			files = (
				C5AFAD9F25CBEEF4005732DC /* TencentOpenApi_IOS_Bundle.bundle in Resources */,
				04E58B3225656BA90077DFC1 /* Launch Screen.storyboard in Resources */,
				C5B45E6324BEABFC0091B7ED /* Assets.xcassets in Resources */,
			);
			runOnlyForDeploymentPostprocessing = 0;
		};
/* End PBXResourcesBuildPhase section */

/* Begin PBXShellScriptBuildPhase section */
		AE0FCEF12C2DC7408D5538F9 /* [CP] Embed Pods Frameworks */ = {
			isa = PBXShellScriptBuildPhase;
			buildActionMask = 2147483647;
			files = (
			);
			inputFileListPaths = (
				"${PODS_ROOT}/Target Support Files/Pods-ZJDemoProduct_OC/Pods-ZJDemoProduct_OC-frameworks-${CONFIGURATION}-input-files.xcfilelist",
			);
			name = "[CP] Embed Pods Frameworks";
			outputFileListPaths = (
				"${PODS_ROOT}/Target Support Files/Pods-ZJDemoProduct_OC/Pods-ZJDemoProduct_OC-frameworks-${CONFIGURATION}-output-files.xcfilelist",
			);
			runOnlyForDeploymentPostprocessing = 0;
			shellPath = /bin/sh;
			shellScript = "\"${PODS_ROOT}/Target Support Files/Pods-ZJDemoProduct_OC/Pods-ZJDemoProduct_OC-frameworks.sh\"\n";
			showEnvVarsInLog = 0;
		};
		E0E147135EF1E23C68EDB89E /* [CP] Check Pods Manifest.lock */ = {
			isa = PBXShellScriptBuildPhase;
			buildActionMask = 2147483647;
			files = (
			);
			inputPaths = (
				"${PODS_PODFILE_DIR_PATH}/Podfile.lock",
				"${PODS_ROOT}/Manifest.lock",
			);
			name = "[CP] Check Pods Manifest.lock";
			outputPaths = (
				"$(DERIVED_FILE_DIR)/Pods-ZJDemoProduct_OC-checkManifestLockResult.txt",
			);
			runOnlyForDeploymentPostprocessing = 0;
			shellPath = /bin/sh;
			shellScript = "diff \"${PODS_PODFILE_DIR_PATH}/Podfile.lock\" \"${PODS_ROOT}/Manifest.lock\" > /dev/null\nif [ $? != 0 ] ; then\n    # print error to STDERR\n    echo \"error: The sandbox is not in sync with the Podfile.lock. Run 'pod install' or update your CocoaPods installation.\" >&2\n    exit 1\nfi\n# This output is used by Xcode 'outputs' to avoid re-running this script phase.\necho \"SUCCESS\" > \"${SCRIPT_OUTPUT_FILE_0}\"\n";
			showEnvVarsInLog = 0;
		};
/* End PBXShellScriptBuildPhase section */

/* Begin PBXSourcesBuildPhase section */
		C5B45E4F24BEABFB0091B7ED /* Sources */ = {
			isa = PBXSourcesBuildPhase;
			buildActionMask = 2147483647;
			files = (
				C57FFEC3252459F800C2C3D3 /* ZJScreenDefines.m in Sources */,
				C5B45E8424BEADFD0091B7ED /* ZJVideosViewController.m in Sources */,
				C5B45E5824BEABFB0091B7ED /* AppDelegate.m in Sources */,
				C56F8BE824C573DF004B50B1 /* ZJNewsDeleteView.m in Sources */,
				C5528AA124E392DF00E2521B /* ZJVideoCoverCell.m in Sources */,
				04E58B3525656DDD0077DFC1 /* ZJSplashView.m in Sources */,
				C5AFAD9025CBDA5E005732DC /* ZJUserInfo.m in Sources */,
				C57FFEBC25233C2E00C2C3D3 /* ZJVideoUIDefines.m in Sources */,
				C5B45E7824BEADA00091B7ED /* ZJNewsListViewController.m in Sources */,
				040DF554256C04AA0091CD91 /* ZJMediator.m in Sources */,
				C5B45E9024BED98A0091B7ED /* ZJNewsItemCell.m in Sources */,
				04B146C625092B5000232FC3 /* ZJVideoPlayer.m in Sources */,
				C551C23924BEEF7F00BD5C49 /* ZJNewsDetailViewController.m in Sources */,
				C5B45E8724BEAE2C0091B7ED /* ZJRecommendViewController.m in Sources */,
				C54948DA2521816100062195 /* ZJVideoTooBarView.m in Sources */,
				C5AFADAA25CBF1F4005732DC /* ZJLoginManager.m in Sources */,
				C5AFAD3325C26540005732DC /* ZJFunctionDefines.m in Sources */,
				C55E3CA224C6C38300ADB2B7 /* ZJNewsListModel.m in Sources */,
				C54948DD2521847B00062195 /* ZJVideoToolBarModel.m in Sources */,
				C5B45E6924BEABFC0091B7ED /* main.m in Sources */,
				C5B45E8A24BEAE9B0091B7ED /* ZJUserViewController.m in Sources */,
				C5B45E8D24BED7DB0091B7ED /* ZJNewsListLoader.m in Sources */,
			);
			runOnlyForDeploymentPostprocessing = 0;
		};
/* End PBXSourcesBuildPhase section */

/* Begin XCBuildConfiguration section */
		C5B45E6A24BEABFC0091B7ED /* Debug */ = {
			isa = XCBuildConfiguration;
			buildSettings = {
				ALWAYS_SEARCH_USER_PATHS = NO;
				CLANG_ANALYZER_NONNULL = YES;
				CLANG_ANALYZER_NUMBER_OBJECT_CONVERSION = YES_AGGRESSIVE;
				CLANG_CXX_LANGUAGE_STANDARD = "gnu++14";
				CLANG_CXX_LIBRARY = "libc++";
				CLANG_ENABLE_MODULES = YES;
				CLANG_ENABLE_OBJC_ARC = YES;
				CLANG_ENABLE_OBJC_WEAK = YES;
				CLANG_WARN_BLOCK_CAPTURE_AUTORELEASING = YES;
				CLANG_WARN_BOOL_CONVERSION = YES;
				CLANG_WARN_COMMA = YES;
				CLANG_WARN_CONSTANT_CONVERSION = YES;
				CLANG_WARN_DEPRECATED_OBJC_IMPLEMENTATIONS = YES;
				CLANG_WARN_DIRECT_OBJC_ISA_USAGE = YES_ERROR;
				CLANG_WARN_DOCUMENTATION_COMMENTS = YES;
				CLANG_WARN_EMPTY_BODY = YES;
				CLANG_WARN_ENUM_CONVERSION = YES;
				CLANG_WARN_INFINITE_RECURSION = YES;
				CLANG_WARN_INT_CONVERSION = YES;
				CLANG_WARN_NON_LITERAL_NULL_CONVERSION = YES;
				CLANG_WARN_OBJC_IMPLICIT_RETAIN_SELF = YES;
				CLANG_WARN_OBJC_LITERAL_CONVERSION = YES;
				CLANG_WARN_OBJC_ROOT_CLASS = YES_ERROR;
				CLANG_WARN_RANGE_LOOP_ANALYSIS = YES;
				CLANG_WARN_STRICT_PROTOTYPES = YES;
				CLANG_WARN_SUSPICIOUS_MOVE = YES;
				CLANG_WARN_UNGUARDED_AVAILABILITY = YES_AGGRESSIVE;
				CLANG_WARN_UNREACHABLE_CODE = YES;
				CLANG_WARN__DUPLICATE_METHOD_MATCH = YES;
				COPY_PHASE_STRIP = NO;
				DEBUG_INFORMATION_FORMAT = dwarf;
				ENABLE_STRICT_OBJC_MSGSEND = YES;
				ENABLE_TESTABILITY = YES;
				GCC_C_LANGUAGE_STANDARD = gnu11;
				GCC_DYNAMIC_NO_PIC = NO;
				GCC_NO_COMMON_BLOCKS = YES;
				GCC_OPTIMIZATION_LEVEL = 0;
				GCC_PREPROCESSOR_DEFINITIONS = (
					"DEBUG=1",
					"$(inherited)",
				);
				GCC_WARN_64_TO_32_BIT_CONVERSION = YES;
				GCC_WARN_ABOUT_RETURN_TYPE = YES_ERROR;
				GCC_WARN_UNDECLARED_SELECTOR = YES;
				GCC_WARN_UNINITIALIZED_AUTOS = YES_AGGRESSIVE;
				GCC_WARN_UNUSED_FUNCTION = YES;
				GCC_WARN_UNUSED_VARIABLE = YES;
				IPHONEOS_DEPLOYMENT_TARGET = 13.4;
				MTL_ENABLE_DEBUG_INFO = INCLUDE_SOURCE;
				MTL_FAST_MATH = YES;
				ONLY_ACTIVE_ARCH = YES;
				SDKROOT = iphoneos;
			};
			name = Debug;
		};
		C5B45E6B24BEABFC0091B7ED /* Release */ = {
			isa = XCBuildConfiguration;
			buildSettings = {
				ALWAYS_SEARCH_USER_PATHS = NO;
				CLANG_ANALYZER_NONNULL = YES;
				CLANG_ANALYZER_NUMBER_OBJECT_CONVERSION = YES_AGGRESSIVE;
				CLANG_CXX_LANGUAGE_STANDARD = "gnu++14";
				CLANG_CXX_LIBRARY = "libc++";
				CLANG_ENABLE_MODULES = YES;
				CLANG_ENABLE_OBJC_ARC = YES;
				CLANG_ENABLE_OBJC_WEAK = YES;
				CLANG_WARN_BLOCK_CAPTURE_AUTORELEASING = YES;
				CLANG_WARN_BOOL_CONVERSION = YES;
				CLANG_WARN_COMMA = YES;
				CLANG_WARN_CONSTANT_CONVERSION = YES;
				CLANG_WARN_DEPRECATED_OBJC_IMPLEMENTATIONS = YES;
				CLANG_WARN_DIRECT_OBJC_ISA_USAGE = YES_ERROR;
				CLANG_WARN_DOCUMENTATION_COMMENTS = YES;
				CLANG_WARN_EMPTY_BODY = YES;
				CLANG_WARN_ENUM_CONVERSION = YES;
				CLANG_WARN_INFINITE_RECURSION = YES;
				CLANG_WARN_INT_CONVERSION = YES;
				CLANG_WARN_NON_LITERAL_NULL_CONVERSION = YES;
				CLANG_WARN_OBJC_IMPLICIT_RETAIN_SELF = YES;
				CLANG_WARN_OBJC_LITERAL_CONVERSION = YES;
				CLANG_WARN_OBJC_ROOT_CLASS = YES_ERROR;
				CLANG_WARN_RANGE_LOOP_ANALYSIS = YES;
				CLANG_WARN_STRICT_PROTOTYPES = YES;
				CLANG_WARN_SUSPICIOUS_MOVE = YES;
				CLANG_WARN_UNGUARDED_AVAILABILITY = YES_AGGRESSIVE;
				CLANG_WARN_UNREACHABLE_CODE = YES;
				CLANG_WARN__DUPLICATE_METHOD_MATCH = YES;
				COPY_PHASE_STRIP = NO;
				DEBUG_INFORMATION_FORMAT = "dwarf-with-dsym";
				ENABLE_NS_ASSERTIONS = NO;
				ENABLE_STRICT_OBJC_MSGSEND = YES;
				GCC_C_LANGUAGE_STANDARD = gnu11;
				GCC_NO_COMMON_BLOCKS = YES;
				GCC_WARN_64_TO_32_BIT_CONVERSION = YES;
				GCC_WARN_ABOUT_RETURN_TYPE = YES_ERROR;
				GCC_WARN_UNDECLARED_SELECTOR = YES;
				GCC_WARN_UNINITIALIZED_AUTOS = YES_AGGRESSIVE;
				GCC_WARN_UNUSED_FUNCTION = YES;
				GCC_WARN_UNUSED_VARIABLE = YES;
				IPHONEOS_DEPLOYMENT_TARGET = 13.4;
				MTL_ENABLE_DEBUG_INFO = NO;
				MTL_FAST_MATH = YES;
				SDKROOT = iphoneos;
				VALIDATE_PRODUCT = YES;
			};
			name = Release;
		};
		C5B45E6D24BEABFC0091B7ED /* Debug */ = {
			isa = XCBuildConfiguration;
			baseConfigurationReference = 8525AE29A138B6294060611C /* Pods-ZJDemoProduct_OC.debug.xcconfig */;
			buildSettings = {
				ASSETCATALOG_COMPILER_APPICON_NAME = AppIcon;
				CODE_SIGN_STYLE = Automatic;
				DEVELOPMENT_TEAM = 35YLJ32MBS;
				FRAMEWORK_SEARCH_PATHS = (
					"$(inherited)",
					"$(PROJECT_DIR)/ZJDemoProduct_OC/ZJFramework",
				);
				INFOPLIST_FILE = ZJDemoProduct_OC/Info.plist;
				IPHONEOS_DEPLOYMENT_TARGET = 10.0;
				LD_RUNPATH_SEARCH_PATHS = (
					"$(inherited)",
					"@executable_path/Frameworks",
				);
				LIBRARY_SEARCH_PATHS = (
					"$(inherited)",
					"$(PROJECT_DIR)/ZJDemoProduct_OC/ZJFramework",
				);
				OTHER_LDFLAGS = (
					"$(inherited)",
					"-framework",
					"\"AFNetworking\"",
					"-framework",
					"\"Foundation\"",
					"-framework",
					"\"ImageIO\"",
					"-framework",
					"\"Masonry\"",
					"-framework",
					"\"SDWebImage\"",
					"-framework",
					"\"UIKit\"",
					"-fobjc-arc",
				);
				PRODUCT_BUNDLE_IDENTIFIER = "cn.wilderness.ZJDemoProduct-OC";
				PRODUCT_NAME = "$(TARGET_NAME)";
				TARGETED_DEVICE_FAMILY = 1;
			};
			name = Debug;
		};
		C5B45E6E24BEABFC0091B7ED /* Release */ = {
			isa = XCBuildConfiguration;
			baseConfigurationReference = CDC2B18FA402FCE7BDAF3536 /* Pods-ZJDemoProduct_OC.release.xcconfig */;
			buildSettings = {
				ASSETCATALOG_COMPILER_APPICON_NAME = AppIcon;
				CODE_SIGN_STYLE = Automatic;
				DEVELOPMENT_TEAM = 35YLJ32MBS;
				FRAMEWORK_SEARCH_PATHS = (
					"$(inherited)",
					"$(PROJECT_DIR)/ZJDemoProduct_OC/ZJFramework",
				);
				INFOPLIST_FILE = ZJDemoProduct_OC/Info.plist;
				IPHONEOS_DEPLOYMENT_TARGET = 10.0;
				LD_RUNPATH_SEARCH_PATHS = (
					"$(inherited)",
					"@executable_path/Frameworks",
				);
				LIBRARY_SEARCH_PATHS = (
					"$(inherited)",
					"$(PROJECT_DIR)/ZJDemoProduct_OC/ZJFramework",
				);
				OTHER_LDFLAGS = (
					"$(inherited)",
					"-framework",
					"\"AFNetworking\"",
					"-framework",
					"\"Foundation\"",
					"-framework",
					"\"ImageIO\"",
					"-framework",
					"\"Masonry\"",
					"-framework",
					"\"SDWebImage\"",
					"-framework",
					"\"UIKit\"",
					"-fobjc-arc",
				);
				PRODUCT_BUNDLE_IDENTIFIER = "cn.wilderness.ZJDemoProduct-OC";
				PRODUCT_NAME = "$(TARGET_NAME)";
				TARGETED_DEVICE_FAMILY = 1;
			};
			name = Release;
		};
/* End XCBuildConfiguration section */

/* Begin XCConfigurationList section */
		C5B45E4E24BEABFB0091B7ED /* Build configuration list for PBXProject "ZJDemoProduct_OC" */ = {
			isa = XCConfigurationList;
			buildConfigurations = (
				C5B45E6A24BEABFC0091B7ED /* Debug */,
				C5B45E6B24BEABFC0091B7ED /* Release */,
			);
			defaultConfigurationIsVisible = 0;
			defaultConfigurationName = Release;
		};
		C5B45E6C24BEABFC0091B7ED /* Build configuration list for PBXNativeTarget "ZJDemoProduct_OC" */ = {
			isa = XCConfigurationList;
			buildConfigurations = (
				C5B45E6D24BEABFC0091B7ED /* Debug */,
				C5B45E6E24BEABFC0091B7ED /* Release */,
			);
			defaultConfigurationIsVisible = 0;
			defaultConfigurationName = Release;
		};
/* End XCConfigurationList section */
	};
	rootObject = C5B45E4B24BEABFB0091B7ED /* Project object */;
}
